# @generated - this file is auto-generated by `mise lock` https://mise.jdx.dev/dev-tools/mise-lock.html

lockfile_version = 3

[[tools.opentofu]]
version = "1.10.6"
backend = "aqua:opentofu/opentofu"
specifiers = ["1.10.6"]

[tools.opentofu."platforms.linux-arm64"]
checksum = "sha256:b2cac25defd5009d644daaadb05f9b9bdc2b4a544d6d7eb05ea41487e0d6c0c3"
url = "https://github.com/opentofu/opentofu/releases/download/v1.10.6/tofu_1.10.6_linux_arm64.tar.gz"
url_api = "https://api.github.com/repos/opentofu/opentofu/releases/assets/289301292"

[tools.opentofu."platforms.linux-arm64-musl"]
checksum = "sha256:b2cac25defd5009d644daaadb05f9b9bdc2b4a544d6d7eb05ea41487e0d6c0c3"
url = "https://github.com/opentofu/opentofu/releases/download/v1.10.6/tofu_1.10.6_linux_arm64.tar.gz"
url_api = "https://api.github.com/repos/opentofu/opentofu/releases/assets/289301292"

[tools.opentofu."platforms.linux-x64"]
checksum = "sha256:b6b46b4fd8dd0b96e624f2a2d5fbc4efae2fc0174529b37292775c847c2e7d2c"
url = "https://github.com/opentofu/opentofu/releases/download/v1.10.6/tofu_1.10.6_linux_amd64.tar.gz"
url_api = "https://api.github.com/repos/opentofu/opentofu/releases/assets/289301308"

[tools.opentofu."platforms.linux-x64-musl"]
checksum = "sha256:b6b46b4fd8dd0b96e624f2a2d5fbc4efae2fc0174529b37292775c847c2e7d2c"
url = "https://github.com/opentofu/opentofu/releases/download/v1.10.6/tofu_1.10.6_linux_amd64.tar.gz"
url_api = "https://api.github.com/repos/opentofu/opentofu/releases/assets/289301308"

[tools.opentofu."platforms.macos-arm64"]
checksum = "sha256:f5399a1ebca90724fda83d93f8a76790979fadb4d896e2be964efcd7df3c146c"
url = "https://github.com/opentofu/opentofu/releases/download/v1.10.6/tofu_1.10.6_darwin_arm64.tar.gz"
url_api = "https://api.github.com/repos/opentofu/opentofu/releases/assets/289301296"

[tools.opentofu."platforms.macos-x64"]
checksum = "sha256:994f0bc4817097e3a65474f959f4267b5d46d4c0123cd5c0f09f44e0ad45b5a2"
url = "https://github.com/opentofu/opentofu/releases/download/v1.10.6/tofu_1.10.6_darwin_amd64.tar.gz"
url_api = "https://api.github.com/repos/opentofu/opentofu/releases/assets/289301327"

[tools.opentofu."platforms.windows-x64"]
checksum = "sha256:c7393d5faf106dc830d1bc84dd6b226dcd494ef194db6d5b2e6c4e76c46d66be"
url = "https://github.com/opentofu/opentofu/releases/download/v1.10.6/tofu_1.10.6_windows_amd64.tar.gz"
url_api = "https://api.github.com/repos/opentofu/opentofu/releases/assets/289301325"
